
Microsoft Visual Studio Solution File, Format Version 12.00
# Visual Studio Version 16
VisualStudioVersion = 16.0.29209.62
MinimumVisualStudioVersion = 10.0.40219.1
Project("{FAE04EC0-301F-11D3-BF4B-00C04F79EFBC}") = "geocoder-service", "geocoder-service.csproj", "{6EFC4032-3E1F-4D4B-893E-89D7325D4102}"
EndProject
Project("{9A19103F-16F7-4668-BE54-9A1E7A4F7556}") = "Geocoder", "..\cllc-interfaces\GeoCoder\Geocoder.csproj", "{1425B8F7-0F33-47EF-87C0-2C54F0F930A9}"
EndProject
Project("{9A19103F-16F7-4668-BE54-9A1E7A4F7556}") = "DynamicsAutorest", "..\cllc-interfaces\Dynamics-Autorest\DynamicsAutorest.csproj", "{4A132CDF-0A93-4AFA-B587-EBFF6B54C038}"
EndProject
Global
	GlobalSection(SolutionConfigurationPlatforms) = preSolution
		Debug|Any CPU = Debug|Any CPU
		Release|Any CPU = Release|Any CPU
	EndGlobalSection
	GlobalSection(ProjectConfigurationPlatforms) = postSolution
		{6EFC4032-3E1F-4D4B-893E-89D7325D4102}.Debug|Any CPU.ActiveCfg = Debug|Any CPU
		{6EFC4032-3E1F-4D4B-893E-89D7325D4102}.Debug|Any CPU.Build.0 = Debug|Any CPU
		{6EFC4032-3E1F-4D4B-893E-89D7325D4102}.Release|Any CPU.ActiveCfg = Release|Any CPU
		{6EFC4032-3E1F-4D4B-893E-89D7325D4102}.Release|Any CPU.Build.0 = Release|Any CPU
		{1425B8F7-0F33-47EF-87C0-2C54F0F930A9}.Debug|Any CPU.ActiveCfg = Debug|Any CPU
		{1425B8F7-0F33-47EF-87C0-2C54F0F930A9}.Debug|Any CPU.Build.0 = Debug|Any CPU
		{1425B8F7-0F33-47EF-87C0-2C54F0F930A9}.Release|Any CPU.ActiveCfg = Release|Any CPU
		{1425B8F7-0F33-47EF-87C0-2C54F0F930A9}.Release|Any CPU.Build.0 = Release|Any CPU
		{4A132CDF-0A93-4AFA-B587-EBFF6B54C038}.Debug|Any CPU.ActiveCfg = Debug|Any CPU
		{4A132CDF-0A93-4AFA-B587-EBFF6B54C038}.Debug|Any CPU.Build.0 = Debug|Any CPU
		{4A132CDF-0A93-4AFA-B587-EBFF6B54C038}.Release|Any CPU.ActiveCfg = Release|Any CPU
		{4A132CDF-0A93-4AFA-B587-EBFF6B54C038}.Release|Any CPU.Build.0 = Release|Any CPU
	EndGlobalSection
	GlobalSection(SolutionProperties) = preSolution
		HideSolutionNode = FALSE
	EndGlobalSection
	GlobalSection(ExtensibilityGlobals) = postSolution
		SolutionGuid = {1FF36781-8E04-46C5-AEFC-A4297E593BB1}
	EndGlobalSection
EndGlobal
