
Microsoft Visual Studio Solution File, Format Version 12.00
# Visual Studio 15
VisualStudioVersion = 15.0.27703.2026
MinimumVisualStudioVersion = 10.0.40219.1
Project("{9A19103F-16F7-4668-BE54-9A1E7A4F7556}") = "odata2openapi", "odata2openapi\odata2openapi.csproj", "{77D28919-8AE7-4B1C-853D-FCA8CE3FDC5F}"
EndProject
Project("{9A19103F-16F7-4668-BE54-9A1E7A4F7556}") = "Microsoft.OData.OpenAPI", "Microsoft.OData.OpenAPI\Microsoft.OData.OpenAPI.csproj", "{841E9082-353E-4597-A589-E0534A176A60}"
EndProject
Project("{9A19103F-16F7-4668-BE54-9A1E7A4F7556}") = "NSwag.Core", "NSwag.Core\NSwag.Core.csproj", "{68D006F2-548B-4FE3-8295-779226951E7E}"
EndProject
Global
	GlobalSection(SolutionConfigurationPlatforms) = preSolution
		Debug|Any CPU = Debug|Any CPU
		Release|Any CPU = Release|Any CPU
	EndGlobalSection
	GlobalSection(ProjectConfigurationPlatforms) = postSolution
		{77D28919-8AE7-4B1C-853D-FCA8CE3FDC5F}.Debug|Any CPU.ActiveCfg = Debug|Any CPU
		{77D28919-8AE7-4B1C-853D-FCA8CE3FDC5F}.Debug|Any CPU.Build.0 = Debug|Any CPU
		{77D28919-8AE7-4B1C-853D-FCA8CE3FDC5F}.Release|Any CPU.ActiveCfg = Release|Any CPU
		{77D28919-8AE7-4B1C-853D-FCA8CE3FDC5F}.Release|Any CPU.Build.0 = Release|Any CPU
		{841E9082-353E-4597-A589-E0534A176A60}.Debug|Any CPU.ActiveCfg = Debug|Any CPU
		{841E9082-353E-4597-A589-E0534A176A60}.Debug|Any CPU.Build.0 = Debug|Any CPU
		{841E9082-353E-4597-A589-E0534A176A60}.Release|Any CPU.ActiveCfg = Release|Any CPU
		{841E9082-353E-4597-A589-E0534A176A60}.Release|Any CPU.Build.0 = Release|Any CPU
		{68D006F2-548B-4FE3-8295-779226951E7E}.Debug|Any CPU.ActiveCfg = Debug|Any CPU
		{68D006F2-548B-4FE3-8295-779226951E7E}.Debug|Any CPU.Build.0 = Debug|Any CPU
		{68D006F2-548B-4FE3-8295-779226951E7E}.Release|Any CPU.ActiveCfg = Release|Any CPU
		{68D006F2-548B-4FE3-8295-779226951E7E}.Release|Any CPU.Build.0 = Release|Any CPU
	EndGlobalSection
	GlobalSection(SolutionProperties) = preSolution
		HideSolutionNode = FALSE
	EndGlobalSection
	GlobalSection(ExtensibilityGlobals) = postSolution
		SolutionGuid = {CD032F4F-594C-47AA-8C82-7410B9BAF944}
	EndGlobalSection
EndGlobal
