
Microsoft Visual Studio Solution File, Format Version 12.00
# Visual Studio Version 16
VisualStudioVersion = 16.0.30621.155
MinimumVisualStudioVersion = 10.0.40219.1
Project("{9A19103F-16F7-4668-BE54-9A1E7A4F7556}") = "sep-service", "sep-service.csproj", "{3F2048A9-465D-4E10-9A46-F53A553AD3D7}"
EndProject
Project("{9A19103F-16F7-4668-BE54-9A1E7A4F7556}") = "DynamicsAutorest", "..\cllc-interfaces\Dynamics-Autorest\DynamicsAutorest.csproj", "{20BFED7E-D590-4143-A086-CF81DACA9053}"
EndProject
Global
	GlobalSection(SolutionConfigurationPlatforms) = preSolution
		Debug|Any CPU = Debug|Any CPU
		Release|Any CPU = Release|Any CPU
	EndGlobalSection
	GlobalSection(ProjectConfigurationPlatforms) = postSolution
		{3F2048A9-465D-4E10-9A46-F53A553AD3D7}.Debug|Any CPU.ActiveCfg = Debug|Any CPU
		{3F2048A9-465D-4E10-9A46-F53A553AD3D7}.Debug|Any CPU.Build.0 = Debug|Any CPU
		{3F2048A9-465D-4E10-9A46-F53A553AD3D7}.Release|Any CPU.ActiveCfg = Release|Any CPU
		{3F2048A9-465D-4E10-9A46-F53A553AD3D7}.Release|Any CPU.Build.0 = Release|Any CPU
		{20BFED7E-D590-4143-A086-CF81DACA9053}.Debug|Any CPU.ActiveCfg = Debug|Any CPU
		{20BFED7E-D590-4143-A086-CF81DACA9053}.Debug|Any CPU.Build.0 = Debug|Any CPU
		{20BFED7E-D590-4143-A086-CF81DACA9053}.Release|Any CPU.ActiveCfg = Release|Any CPU
		{20BFED7E-D590-4143-A086-CF81DACA9053}.Release|Any CPU.Build.0 = Release|Any CPU
	EndGlobalSection
	GlobalSection(SolutionProperties) = preSolution
		HideSolutionNode = FALSE
	EndGlobalSection
	GlobalSection(ExtensibilityGlobals) = postSolution
		SolutionGuid = {AA6E3268-D443-4B14-A4DB-DF9BFC977763}
	EndGlobalSection
EndGlobal
