
Microsoft Visual Studio Solution File, Format Version 12.00
# Visual Studio Version 16
VisualStudioVersion = 16.0.29728.190
MinimumVisualStudioVersion = 10.0.40219.1
Project("{9A19103F-16F7-4668-BE54-9A1E7A4F7556}") = "PDF.Tests", "PDF.Tests.csproj", "{C2F25B22-E7F0-40D2-A588-8EACD3073F20}"
EndProject
Project("{9A19103F-16F7-4668-BE54-9A1E7A4F7556}") = "PDF", "..\..\cllc-interfaces\PDF\PDF.csproj", "{FB24A718-B207-47EA-8C4B-5740EC3DCE37}"
EndProject
Project("{9A19103F-16F7-4668-BE54-9A1E7A4F7556}") = "cllc-public-app", "..\..\cllc-public-app\cllc-public-app.csproj", "{A572DB59-B675-4309-A199-ABA96485C2D7}"
EndProject
Global
	GlobalSection(SolutionConfigurationPlatforms) = preSolution
		Debug|Any CPU = Debug|Any CPU
		Release|Any CPU = Release|Any CPU
	EndGlobalSection
	GlobalSection(ProjectConfigurationPlatforms) = postSolution
		{C2F25B22-E7F0-40D2-A588-8EACD3073F20}.Debug|Any CPU.ActiveCfg = Debug|Any CPU
		{C2F25B22-E7F0-40D2-A588-8EACD3073F20}.Debug|Any CPU.Build.0 = Debug|Any CPU
		{C2F25B22-E7F0-40D2-A588-8EACD3073F20}.Release|Any CPU.ActiveCfg = Release|Any CPU
		{C2F25B22-E7F0-40D2-A588-8EACD3073F20}.Release|Any CPU.Build.0 = Release|Any CPU
		{FB24A718-B207-47EA-8C4B-5740EC3DCE37}.Debug|Any CPU.ActiveCfg = Debug|Any CPU
		{FB24A718-B207-47EA-8C4B-5740EC3DCE37}.Debug|Any CPU.Build.0 = Debug|Any CPU
		{FB24A718-B207-47EA-8C4B-5740EC3DCE37}.Release|Any CPU.ActiveCfg = Release|Any CPU
		{FB24A718-B207-47EA-8C4B-5740EC3DCE37}.Release|Any CPU.Build.0 = Release|Any CPU
		{A572DB59-B675-4309-A199-ABA96485C2D7}.Debug|Any CPU.ActiveCfg = Debug|Any CPU
		{A572DB59-B675-4309-A199-ABA96485C2D7}.Debug|Any CPU.Build.0 = Debug|Any CPU
		{A572DB59-B675-4309-A199-ABA96485C2D7}.Release|Any CPU.ActiveCfg = Release|Any CPU
		{A572DB59-B675-4309-A199-ABA96485C2D7}.Release|Any CPU.Build.0 = Release|Any CPU
	EndGlobalSection
	GlobalSection(SolutionProperties) = preSolution
		HideSolutionNode = FALSE
	EndGlobalSection
	GlobalSection(ExtensibilityGlobals) = postSolution
		SolutionGuid = {7AA971CE-31BE-493B-902D-5A560F6989F0}
	EndGlobalSection
EndGlobal
