
Microsoft Visual Studio Solution File, Format Version 12.00
# Visual Studio Version 16
VisualStudioVersion = 16.0.29306.81
MinimumVisualStudioVersion = 10.0.40219.1
Project("{FAE04EC0-301F-11D3-BF4B-00C04F79EFBC}") = "dynamics-tests", "dynamics-tests.csproj", "{B2353214-C60B-4EE1-8EF9-2E24606894B7}"
EndProject
Project("{9A19103F-16F7-4668-BE54-9A1E7A4F7556}") = "bdd-tests", "bdd-tests\bdd-tests.csproj", "{170DECC8-E15D-4F3B-B857-0544E05A5787}"
EndProject
Project("{9A19103F-16F7-4668-BE54-9A1E7A4F7556}") = "smoke-tests", "smoke-tests\smoke-tests.csproj", "{A3FEDFA0-2638-44FC-99B8-EBFD8C3B13B4}"
EndProject
Global
	GlobalSection(SolutionConfigurationPlatforms) = preSolution
		Debug|Any CPU = Debug|Any CPU
		Release|Any CPU = Release|Any CPU
	EndGlobalSection
	GlobalSection(ProjectConfigurationPlatforms) = postSolution
		{B2353214-C60B-4EE1-8EF9-2E24606894B7}.Debug|Any CPU.ActiveCfg = Debug|Any CPU
		{B2353214-C60B-4EE1-8EF9-2E24606894B7}.Debug|Any CPU.Build.0 = Debug|Any CPU
		{B2353214-C60B-4EE1-8EF9-2E24606894B7}.Release|Any CPU.ActiveCfg = Release|Any CPU
		{B2353214-C60B-4EE1-8EF9-2E24606894B7}.Release|Any CPU.Build.0 = Release|Any CPU
		{170DECC8-E15D-4F3B-B857-0544E05A5787}.Debug|Any CPU.ActiveCfg = Debug|Any CPU
		{170DECC8-E15D-4F3B-B857-0544E05A5787}.Debug|Any CPU.Build.0 = Debug|Any CPU
		{170DECC8-E15D-4F3B-B857-0544E05A5787}.Release|Any CPU.ActiveCfg = Release|Any CPU
		{170DECC8-E15D-4F3B-B857-0544E05A5787}.Release|Any CPU.Build.0 = Release|Any CPU
		{A3FEDFA0-2638-44FC-99B8-EBFD8C3B13B4}.Debug|Any CPU.ActiveCfg = Debug|Any CPU
		{A3FEDFA0-2638-44FC-99B8-EBFD8C3B13B4}.Debug|Any CPU.Build.0 = Debug|Any CPU
		{A3FEDFA0-2638-44FC-99B8-EBFD8C3B13B4}.Release|Any CPU.ActiveCfg = Release|Any CPU
		{A3FEDFA0-2638-44FC-99B8-EBFD8C3B13B4}.Release|Any CPU.Build.0 = Release|Any CPU
	EndGlobalSection
	GlobalSection(SolutionProperties) = preSolution
		HideSolutionNode = FALSE
	EndGlobalSection
	GlobalSection(ExtensibilityGlobals) = postSolution
		SolutionGuid = {B91C5399-07F0-4115-B9E1-10C2B16A6AD3}
	EndGlobalSection
EndGlobal
