
Microsoft Visual Studio Solution File, Format Version 12.00
# Visual Studio Version 16
VisualStudioVersion = 16.0.28803.202
MinimumVisualStudioVersion = 10.0.40219.1
Project("{9A19103F-16F7-4668-BE54-9A1E7A4F7556}") = "OrgBook.Tests", "OrgBook.Tests.csproj", "{D62EEB8D-F58E-4372-86DC-8F1486371CF5}"
EndProject
Project("{9A19103F-16F7-4668-BE54-9A1E7A4F7556}") = "OrgBook", "..\..\cllc-interfaces\OrgBook\OrgBook.csproj", "{98165F91-D16A-465C-BD81-C66AF90DBFD5}"
EndProject
Global
	GlobalSection(SolutionConfigurationPlatforms) = preSolution
		Debug|Any CPU = Debug|Any CPU
		Release|Any CPU = Release|Any CPU
	EndGlobalSection
	GlobalSection(ProjectConfigurationPlatforms) = postSolution
		{D62EEB8D-F58E-4372-86DC-8F1486371CF5}.Debug|Any CPU.ActiveCfg = Debug|Any CPU
		{D62EEB8D-F58E-4372-86DC-8F1486371CF5}.Debug|Any CPU.Build.0 = Debug|Any CPU
		{D62EEB8D-F58E-4372-86DC-8F1486371CF5}.Release|Any CPU.ActiveCfg = Release|Any CPU
		{D62EEB8D-F58E-4372-86DC-8F1486371CF5}.Release|Any CPU.Build.0 = Release|Any CPU
		{98165F91-D16A-465C-BD81-C66AF90DBFD5}.Debug|Any CPU.ActiveCfg = Debug|Any CPU
		{98165F91-D16A-465C-BD81-C66AF90DBFD5}.Debug|Any CPU.Build.0 = Debug|Any CPU
		{98165F91-D16A-465C-BD81-C66AF90DBFD5}.Release|Any CPU.ActiveCfg = Release|Any CPU
		{98165F91-D16A-465C-BD81-C66AF90DBFD5}.Release|Any CPU.Build.0 = Release|Any CPU
	EndGlobalSection
	GlobalSection(SolutionProperties) = preSolution
		HideSolutionNode = FALSE
	EndGlobalSection
	GlobalSection(ExtensibilityGlobals) = postSolution
		SolutionGuid = {694FB219-8531-4820-81E6-623E3DD9C158}
	EndGlobalSection
EndGlobal
