
Microsoft Visual Studio Solution File, Format Version 12.00
# Visual Studio 15
VisualStudioVersion = 15.0.27703.2026
MinimumVisualStudioVersion = 10.0.40219.1
Project("{9A19103F-16F7-4668-BE54-9A1E7A4F7556}") = "PDF Service", "pdf-service.csproj", "{853AEF1A-6BA4-4996-83E7-51C396E3AE32}"
EndProject
Global
	GlobalSection(SolutionConfigurationPlatforms) = preSolution
		Debug|Any CPU = Debug|Any CPU
		Release|Any CPU = Release|Any CPU
	EndGlobalSection
	GlobalSection(ProjectConfigurationPlatforms) = postSolution
		{853AEF1A-6BA4-4996-83E7-51C396E3AE32}.Debug|Any CPU.ActiveCfg = Debug|Any CPU
		{853AEF1A-6BA4-4996-83E7-51C396E3AE32}.Debug|Any CPU.Build.0 = Debug|Any CPU
		{853AEF1A-6BA4-4996-83E7-51C396E3AE32}.Release|Any CPU.ActiveCfg = Release|Any CPU
		{853AEF1A-6BA4-4996-83E7-51C396E3AE32}.Release|Any CPU.Build.0 = Release|Any CPU
		{309D775B-CF5B-4194-9E63-3410A95D20F4}.Debug|Any CPU.ActiveCfg = Debug|Any CPU
		{309D775B-CF5B-4194-9E63-3410A95D20F4}.Debug|Any CPU.Build.0 = Debug|Any CPU
		{309D775B-CF5B-4194-9E63-3410A95D20F4}.Release|Any CPU.ActiveCfg = Release|Any CPU
		{309D775B-CF5B-4194-9E63-3410A95D20F4}.Release|Any CPU.Build.0 = Release|Any CPU
	EndGlobalSection
	GlobalSection(SolutionProperties) = preSolution
		HideSolutionNode = FALSE
	EndGlobalSection
	GlobalSection(ExtensibilityGlobals) = postSolution
		SolutionGuid = {782E8F59-E672-4F71-A1CF-55BD061D8343}
	EndGlobalSection
EndGlobal
