
Microsoft Visual Studio Solution File, Format Version 12.00
# Visual Studio Version 16
VisualStudioVersion = 16.0.29728.190
MinimumVisualStudioVersion = 10.0.40219.1
Project("{9A19103F-16F7-4668-BE54-9A1E7A4F7556}") = "Watchdog", "Watchdog.csproj", "{C9A7DFBB-AA86-4E09-852C-6306BD0BDD10}"
EndProject
Project("{9A19103F-16F7-4668-BE54-9A1E7A4F7556}") = "DynamicsAutorest", "..\cllc-interfaces\Dynamics-Autorest\DynamicsAutorest.csproj", "{B77C0A77-8243-4D20-9FD7-B4F55F05936D}"
EndProject
Global
	GlobalSection(SolutionConfigurationPlatforms) = preSolution
		Debug|Any CPU = Debug|Any CPU
		Release|Any CPU = Release|Any CPU
	EndGlobalSection
	GlobalSection(ProjectConfigurationPlatforms) = postSolution
		{C9A7DFBB-AA86-4E09-852C-6306BD0BDD10}.Debug|Any CPU.ActiveCfg = Debug|Any CPU
		{C9A7DFBB-AA86-4E09-852C-6306BD0BDD10}.Debug|Any CPU.Build.0 = Debug|Any CPU
		{C9A7DFBB-AA86-4E09-852C-6306BD0BDD10}.Release|Any CPU.ActiveCfg = Release|Any CPU
		{C9A7DFBB-AA86-4E09-852C-6306BD0BDD10}.Release|Any CPU.Build.0 = Release|Any CPU
		{B77C0A77-8243-4D20-9FD7-B4F55F05936D}.Debug|Any CPU.ActiveCfg = Debug|Any CPU
		{B77C0A77-8243-4D20-9FD7-B4F55F05936D}.Debug|Any CPU.Build.0 = Debug|Any CPU
		{B77C0A77-8243-4D20-9FD7-B4F55F05936D}.Release|Any CPU.ActiveCfg = Release|Any CPU
		{B77C0A77-8243-4D20-9FD7-B4F55F05936D}.Release|Any CPU.Build.0 = Release|Any CPU
	EndGlobalSection
	GlobalSection(SolutionProperties) = preSolution
		HideSolutionNode = FALSE
	EndGlobalSection
	GlobalSection(ExtensibilityGlobals) = postSolution
		SolutionGuid = {35620A64-EB13-4ADB-BC5E-9A177DB74ABA}
	EndGlobalSection
EndGlobal
