
Microsoft Visual Studio Solution File, Format Version 12.00
# Visual Studio Version 16
VisualStudioVersion = 16.0.28803.202
MinimumVisualStudioVersion = 10.0.40219.1
Project("{9A19103F-16F7-4668-BE54-9A1E7A4F7556}") = "OrgBookCleaner", "OrgBookCleaner.csproj", "{3DC1EED9-2837-436A-A8F9-361DB7A4DA1B}"
EndProject
Global
	GlobalSection(SolutionConfigurationPlatforms) = preSolution
		Debug|Any CPU = Debug|Any CPU
		Release|Any CPU = Release|Any CPU
	EndGlobalSection
	GlobalSection(ProjectConfigurationPlatforms) = postSolution
		{3DC1EED9-2837-436A-A8F9-361DB7A4DA1B}.Debug|Any CPU.ActiveCfg = Debug|Any CPU
		{3DC1EED9-2837-436A-A8F9-361DB7A4DA1B}.Debug|Any CPU.Build.0 = Debug|Any CPU
		{3DC1EED9-2837-436A-A8F9-361DB7A4DA1B}.Release|Any CPU.ActiveCfg = Release|Any CPU
		{3DC1EED9-2837-436A-A8F9-361DB7A4DA1B}.Release|Any CPU.Build.0 = Release|Any CPU
	EndGlobalSection
	GlobalSection(SolutionProperties) = preSolution
		HideSolutionNode = FALSE
	EndGlobalSection
	GlobalSection(ExtensibilityGlobals) = postSolution
		SolutionGuid = {286FD694-604F-4E72-B322-3719DD9BF9DC}
	EndGlobalSection
EndGlobal
